
Microsoft Visual Studio Solution File, Format Version 12.00
# Visual Studio 14
VisualStudioVersion = 14.0.25420.1
MinimumVisualStudioVersion = 10.0.40219.1
Project("{FAE04EC0-301F-11D3-BF4B-00C04F79EFBC}") = "TestTextCell", "TestTextCell\TestTextCell\TestTextCell.csproj", "{7D59A3C2-430C-4252-97CF-98954DB2FEFB}"
EndProject
Project("{FAE04EC0-301F-11D3-BF4B-00C04F79EFBC}") = "TestTextCell.Droid", "TestTextCell\TestTextCell.Droid\TestTextCell.Droid.csproj", "{401144F6-943F-485C-AB11-61F24B7D57CC}"
EndProject
Global
	GlobalSection(SolutionConfigurationPlatforms) = preSolution
		Ad-Hoc|Any CPU = Ad-Hoc|Any CPU
		Ad-Hoc|ARM = Ad-Hoc|ARM
		Ad-Hoc|iPhone = Ad-Hoc|iPhone
		Ad-Hoc|iPhoneSimulator = Ad-Hoc|iPhoneSimulator
		Ad-Hoc|x64 = Ad-Hoc|x64
		Ad-Hoc|x86 = Ad-Hoc|x86
		AppStore|Any CPU = AppStore|Any CPU
		AppStore|ARM = AppStore|ARM
		AppStore|iPhone = AppStore|iPhone
		AppStore|iPhoneSimulator = AppStore|iPhoneSimulator
		AppStore|x64 = AppStore|x64
		AppStore|x86 = AppStore|x86
		Debug|Any CPU = Debug|Any CPU
		Debug|ARM = Debug|ARM
		Debug|iPhone = Debug|iPhone
		Debug|iPhoneSimulator = Debug|iPhoneSimulator
		Debug|x64 = Debug|x64
		Debug|x86 = Debug|x86
		Release|Any CPU = Release|Any CPU
		Release|ARM = Release|ARM
		Release|iPhone = Release|iPhone
		Release|iPhoneSimulator = Release|iPhoneSimulator
		Release|x64 = Release|x64
		Release|x86 = Release|x86
	EndGlobalSection
	GlobalSection(ProjectConfigurationPlatforms) = postSolution
		{7D59A3C2-430C-4252-97CF-98954DB2FEFB}.Ad-Hoc|Any CPU.ActiveCfg = Release|Any CPU
		{7D59A3C2-430C-4252-97CF-98954DB2FEFB}.Ad-Hoc|Any CPU.Build.0 = Release|Any CPU
		{7D59A3C2-430C-4252-97CF-98954DB2FEFB}.Ad-Hoc|ARM.ActiveCfg = Release|Any CPU
		{7D59A3C2-430C-4252-97CF-98954DB2FEFB}.Ad-Hoc|ARM.Build.0 = Release|Any CPU
		{7D59A3C2-430C-4252-97CF-98954DB2FEFB}.Ad-Hoc|iPhone.ActiveCfg = Release|Any CPU
		{7D59A3C2-430C-4252-97CF-98954DB2FEFB}.Ad-Hoc|iPhone.Build.0 = Release|Any CPU
		{7D59A3C2-430C-4252-97CF-98954DB2FEFB}.Ad-Hoc|iPhoneSimulator.ActiveCfg = Release|Any CPU
		{7D59A3C2-430C-4252-97CF-98954DB2FEFB}.Ad-Hoc|iPhoneSimulator.Build.0 = Release|Any CPU
		{7D59A3C2-430C-4252-97CF-98954DB2FEFB}.Ad-Hoc|x64.ActiveCfg = Release|Any CPU
		{7D59A3C2-430C-4252-97CF-98954DB2FEFB}.Ad-Hoc|x64.Build.0 = Release|Any CPU
		{7D59A3C2-430C-4252-97CF-98954DB2FEFB}.Ad-Hoc|x86.ActiveCfg = Release|Any CPU
		{7D59A3C2-430C-4252-97CF-98954DB2FEFB}.Ad-Hoc|x86.Build.0 = Release|Any CPU
		{7D59A3C2-430C-4252-97CF-98954DB2FEFB}.AppStore|Any CPU.ActiveCfg = Release|Any CPU
		{7D59A3C2-430C-4252-97CF-98954DB2FEFB}.AppStore|Any CPU.Build.0 = Release|Any CPU
		{7D59A3C2-430C-4252-97CF-98954DB2FEFB}.AppStore|ARM.ActiveCfg = Release|Any CPU
		{7D59A3C2-430C-4252-97CF-98954DB2FEFB}.AppStore|ARM.Build.0 = Release|Any CPU
		{7D59A3C2-430C-4252-97CF-98954DB2FEFB}.AppStore|iPhone.ActiveCfg = Release|Any CPU
		{7D59A3C2-430C-4252-97CF-98954DB2FEFB}.AppStore|iPhone.Build.0 = Release|Any CPU
		{7D59A3C2-430C-4252-97CF-98954DB2FEFB}.AppStore|iPhoneSimulator.ActiveCfg = Release|Any CPU
		{7D59A3C2-430C-4252-97CF-98954DB2FEFB}.AppStore|iPhoneSimulator.Build.0 = Release|Any CPU
		{7D59A3C2-430C-4252-97CF-98954DB2FEFB}.AppStore|x64.ActiveCfg = Release|Any CPU
		{7D59A3C2-430C-4252-97CF-98954DB2FEFB}.AppStore|x64.Build.0 = Release|Any CPU
		{7D59A3C2-430C-4252-97CF-98954DB2FEFB}.AppStore|x86.ActiveCfg = Release|Any CPU
		{7D59A3C2-430C-4252-97CF-98954DB2FEFB}.AppStore|x86.Build.0 = Release|Any CPU
		{7D59A3C2-430C-4252-97CF-98954DB2FEFB}.Debug|Any CPU.ActiveCfg = Debug|Any CPU
		{7D59A3C2-430C-4252-97CF-98954DB2FEFB}.Debug|Any CPU.Build.0 = Debug|Any CPU
		{7D59A3C2-430C-4252-97CF-98954DB2FEFB}.Debug|ARM.ActiveCfg = Debug|Any CPU
		{7D59A3C2-430C-4252-97CF-98954DB2FEFB}.Debug|ARM.Build.0 = Debug|Any CPU
		{7D59A3C2-430C-4252-97CF-98954DB2FEFB}.Debug|iPhone.ActiveCfg = Debug|Any CPU
		{7D59A3C2-430C-4252-97CF-98954DB2FEFB}.Debug|iPhone.Build.0 = Debug|Any CPU
		{7D59A3C2-430C-4252-97CF-98954DB2FEFB}.Debug|iPhoneSimulator.ActiveCfg = Debug|Any CPU
		{7D59A3C2-430C-4252-97CF-98954DB2FEFB}.Debug|iPhoneSimulator.Build.0 = Debug|Any CPU
		{7D59A3C2-430C-4252-97CF-98954DB2FEFB}.Debug|x64.ActiveCfg = Debug|Any CPU
		{7D59A3C2-430C-4252-97CF-98954DB2FEFB}.Debug|x64.Build.0 = Debug|Any CPU
		{7D59A3C2-430C-4252-97CF-98954DB2FEFB}.Debug|x86.ActiveCfg = Debug|Any CPU
		{7D59A3C2-430C-4252-97CF-98954DB2FEFB}.Debug|x86.Build.0 = Debug|Any CPU
		{7D59A3C2-430C-4252-97CF-98954DB2FEFB}.Release|Any CPU.ActiveCfg = Release|Any CPU
		{7D59A3C2-430C-4252-97CF-98954DB2FEFB}.Release|Any CPU.Build.0 = Release|Any CPU
		{7D59A3C2-430C-4252-97CF-98954DB2FEFB}.Release|ARM.ActiveCfg = Release|Any CPU
		{7D59A3C2-430C-4252-97CF-98954DB2FEFB}.Release|ARM.Build.0 = Release|Any CPU
		{7D59A3C2-430C-4252-97CF-98954DB2FEFB}.Release|iPhone.ActiveCfg = Release|Any CPU
		{7D59A3C2-430C-4252-97CF-98954DB2FEFB}.Release|iPhone.Build.0 = Release|Any CPU
		{7D59A3C2-430C-4252-97CF-98954DB2FEFB}.Release|iPhoneSimulator.ActiveCfg = Release|Any CPU
		{7D59A3C2-430C-4252-97CF-98954DB2FEFB}.Release|iPhoneSimulator.Build.0 = Release|Any CPU
		{7D59A3C2-430C-4252-97CF-98954DB2FEFB}.Release|x64.ActiveCfg = Release|Any CPU
		{7D59A3C2-430C-4252-97CF-98954DB2FEFB}.Release|x64.Build.0 = Release|Any CPU
		{7D59A3C2-430C-4252-97CF-98954DB2FEFB}.Release|x86.ActiveCfg = Release|Any CPU
		{7D59A3C2-430C-4252-97CF-98954DB2FEFB}.Release|x86.Build.0 = Release|Any CPU
		{401144F6-943F-485C-AB11-61F24B7D57CC}.Ad-Hoc|Any CPU.ActiveCfg = Release|Any CPU
		{401144F6-943F-485C-AB11-61F24B7D57CC}.Ad-Hoc|Any CPU.Build.0 = Release|Any CPU
		{401144F6-943F-485C-AB11-61F24B7D57CC}.Ad-Hoc|Any CPU.Deploy.0 = Release|Any CPU
		{401144F6-943F-485C-AB11-61F24B7D57CC}.Ad-Hoc|ARM.ActiveCfg = Release|Any CPU
		{401144F6-943F-485C-AB11-61F24B7D57CC}.Ad-Hoc|ARM.Build.0 = Release|Any CPU
		{401144F6-943F-485C-AB11-61F24B7D57CC}.Ad-Hoc|ARM.Deploy.0 = Release|Any CPU
		{401144F6-943F-485C-AB11-61F24B7D57CC}.Ad-Hoc|iPhone.ActiveCfg = Release|Any CPU
		{401144F6-943F-485C-AB11-61F24B7D57CC}.Ad-Hoc|iPhone.Build.0 = Release|Any CPU
		{401144F6-943F-485C-AB11-61F24B7D57CC}.Ad-Hoc|iPhone.Deploy.0 = Release|Any CPU
		{401144F6-943F-485C-AB11-61F24B7D57CC}.Ad-Hoc|iPhoneSimulator.ActiveCfg = Release|Any CPU
		{401144F6-943F-485C-AB11-61F24B7D57CC}.Ad-Hoc|iPhoneSimulator.Build.0 = Release|Any CPU
		{401144F6-943F-485C-AB11-61F24B7D57CC}.Ad-Hoc|iPhoneSimulator.Deploy.0 = Release|Any CPU
		{401144F6-943F-485C-AB11-61F24B7D57CC}.Ad-Hoc|x64.ActiveCfg = Release|Any CPU
		{401144F6-943F-485C-AB11-61F24B7D57CC}.Ad-Hoc|x64.Build.0 = Release|Any CPU
		{401144F6-943F-485C-AB11-61F24B7D57CC}.Ad-Hoc|x64.Deploy.0 = Release|Any CPU
		{401144F6-943F-485C-AB11-61F24B7D57CC}.Ad-Hoc|x86.ActiveCfg = Release|Any CPU
		{401144F6-943F-485C-AB11-61F24B7D57CC}.Ad-Hoc|x86.Build.0 = Release|Any CPU
		{401144F6-943F-485C-AB11-61F24B7D57CC}.Ad-Hoc|x86.Deploy.0 = Release|Any CPU
		{401144F6-943F-485C-AB11-61F24B7D57CC}.AppStore|Any CPU.ActiveCfg = Release|Any CPU
		{401144F6-943F-485C-AB11-61F24B7D57CC}.AppStore|Any CPU.Build.0 = Release|Any CPU
		{401144F6-943F-485C-AB11-61F24B7D57CC}.AppStore|Any CPU.Deploy.0 = Release|Any CPU
		{401144F6-943F-485C-AB11-61F24B7D57CC}.AppStore|ARM.ActiveCfg = Release|Any CPU
		{401144F6-943F-485C-AB11-61F24B7D57CC}.AppStore|ARM.Build.0 = Release|Any CPU
		{401144F6-943F-485C-AB11-61F24B7D57CC}.AppStore|ARM.Deploy.0 = Release|Any CPU
		{401144F6-943F-485C-AB11-61F24B7D57CC}.AppStore|iPhone.ActiveCfg = Release|Any CPU
		{401144F6-943F-485C-AB11-61F24B7D57CC}.AppStore|iPhone.Build.0 = Release|Any CPU
		{401144F6-943F-485C-AB11-61F24B7D57CC}.AppStore|iPhone.Deploy.0 = Release|Any CPU
		{401144F6-943F-485C-AB11-61F24B7D57CC}.AppStore|iPhoneSimulator.ActiveCfg = Release|Any CPU
		{401144F6-943F-485C-AB11-61F24B7D57CC}.AppStore|iPhoneSimulator.Build.0 = Release|Any CPU
		{401144F6-943F-485C-AB11-61F24B7D57CC}.AppStore|iPhoneSimulator.Deploy.0 = Release|Any CPU
		{401144F6-943F-485C-AB11-61F24B7D57CC}.AppStore|x64.ActiveCfg = Release|Any CPU
		{401144F6-943F-485C-AB11-61F24B7D57CC}.AppStore|x64.Build.0 = Release|Any CPU
		{401144F6-943F-485C-AB11-61F24B7D57CC}.AppStore|x64.Deploy.0 = Release|Any CPU
		{401144F6-943F-485C-AB11-61F24B7D57CC}.AppStore|x86.ActiveCfg = Release|Any CPU
		{401144F6-943F-485C-AB11-61F24B7D57CC}.AppStore|x86.Build.0 = Release|Any CPU
		{401144F6-943F-485C-AB11-61F24B7D57CC}.AppStore|x86.Deploy.0 = Release|Any CPU
		{401144F6-943F-485C-AB11-61F24B7D57CC}.Debug|Any CPU.ActiveCfg = Debug|Any CPU
		{401144F6-943F-485C-AB11-61F24B7D57CC}.Debug|Any CPU.Build.0 = Debug|Any CPU
		{401144F6-943F-485C-AB11-61F24B7D57CC}.Debug|Any CPU.Deploy.0 = Debug|Any CPU
		{401144F6-943F-485C-AB11-61F24B7D57CC}.Debug|ARM.ActiveCfg = Debug|Any CPU
		{401144F6-943F-485C-AB11-61F24B7D57CC}.Debug|ARM.Build.0 = Debug|Any CPU
		{401144F6-943F-485C-AB11-61F24B7D57CC}.Debug|ARM.Deploy.0 = Debug|Any CPU
		{401144F6-943F-485C-AB11-61F24B7D57CC}.Debug|iPhone.ActiveCfg = Debug|Any CPU
		{401144F6-943F-485C-AB11-61F24B7D57CC}.Debug|iPhone.Build.0 = Debug|Any CPU
		{401144F6-943F-485C-AB11-61F24B7D57CC}.Debug|iPhone.Deploy.0 = Debug|Any CPU
		{401144F6-943F-485C-AB11-61F24B7D57CC}.Debug|iPhoneSimulator.ActiveCfg = Debug|Any CPU
		{401144F6-943F-485C-AB11-61F24B7D57CC}.Debug|iPhoneSimulator.Build.0 = Debug|Any CPU
		{401144F6-943F-485C-AB11-61F24B7D57CC}.Debug|iPhoneSimulator.Deploy.0 = Debug|Any CPU
		{401144F6-943F-485C-AB11-61F24B7D57CC}.Debug|x64.ActiveCfg = Debug|Any CPU
		{401144F6-943F-485C-AB11-61F24B7D57CC}.Debug|x64.Build.0 = Debug|Any CPU
		{401144F6-943F-485C-AB11-61F24B7D57CC}.Debug|x64.Deploy.0 = Debug|Any CPU
		{401144F6-943F-485C-AB11-61F24B7D57CC}.Debug|x86.ActiveCfg = Debug|Any CPU
		{401144F6-943F-485C-AB11-61F24B7D57CC}.Debug|x86.Build.0 = Debug|Any CPU
		{401144F6-943F-485C-AB11-61F24B7D57CC}.Debug|x86.Deploy.0 = Debug|Any CPU
		{401144F6-943F-485C-AB11-61F24B7D57CC}.Release|Any CPU.ActiveCfg = Release|Any CPU
		{401144F6-943F-485C-AB11-61F24B7D57CC}.Release|Any CPU.Build.0 = Release|Any CPU
		{401144F6-943F-485C-AB11-61F24B7D57CC}.Release|Any CPU.Deploy.0 = Release|Any CPU
		{401144F6-943F-485C-AB11-61F24B7D57CC}.Release|ARM.ActiveCfg = Release|Any CPU
		{401144F6-943F-485C-AB11-61F24B7D57CC}.Release|ARM.Build.0 = Release|Any CPU
		{401144F6-943F-485C-AB11-61F24B7D57CC}.Release|ARM.Deploy.0 = Release|Any CPU
		{401144F6-943F-485C-AB11-61F24B7D57CC}.Release|iPhone.ActiveCfg = Release|Any CPU
		{401144F6-943F-485C-AB11-61F24B7D57CC}.Release|iPhone.Build.0 = Release|Any CPU
		{401144F6-943F-485C-AB11-61F24B7D57CC}.Release|iPhone.Deploy.0 = Release|Any CPU
		{401144F6-943F-485C-AB11-61F24B7D57CC}.Release|iPhoneSimulator.ActiveCfg = Release|Any CPU
		{401144F6-943F-485C-AB11-61F24B7D57CC}.Release|iPhoneSimulator.Build.0 = Release|Any CPU
		{401144F6-943F-485C-AB11-61F24B7D57CC}.Release|iPhoneSimulator.Deploy.0 = Release|Any CPU
		{401144F6-943F-485C-AB11-61F24B7D57CC}.Release|x64.ActiveCfg = Release|Any CPU
		{401144F6-943F-485C-AB11-61F24B7D57CC}.Release|x64.Build.0 = Release|Any CPU
		{401144F6-943F-485C-AB11-61F24B7D57CC}.Release|x64.Deploy.0 = Release|Any CPU
		{401144F6-943F-485C-AB11-61F24B7D57CC}.Release|x86.ActiveCfg = Release|Any CPU
		{401144F6-943F-485C-AB11-61F24B7D57CC}.Release|x86.Build.0 = Release|Any CPU
		{401144F6-943F-485C-AB11-61F24B7D57CC}.Release|x86.Deploy.0 = Release|Any CPU
	EndGlobalSection
	GlobalSection(SolutionProperties) = preSolution
		HideSolutionNode = FALSE
	EndGlobalSection
EndGlobal
